
Microsoft Visual Studio Solution File, Format Version 12.00
# Visual Studio Version 17
VisualStudioVersion = 17.8.34511.84
MinimumVisualStudioVersion = 10.0.40219.1
Project("{2150E333-8FDC-42A3-9474-1A3956D46DE8}") = "Solution Items", "Solution Items", "{038A093C-4322-49B0-91FD-1CB5492214D9}"
	ProjectSection(SolutionItems) = preProject
		.gitignore = .gitignore
		Build\Build.Configuration.cs = Build\Build.Configuration.cs
		Changelog.md = Changelog.md
		Readme.md = Readme.md
	EndProjectSection
EndProject
Project("{9A19103F-16F7-4668-BE54-9A1E7A4F7556}") = "Build", "build\Build.csproj", "{47A8DC1B-20B6-4F17-8D63-11CADEB7FF06}"
EndProject
Project("{9A19103F-16F7-4668-BE54-9A1E7A4F7556}") = "Installer", "install\Installer.csproj", "{1AB1DDE7-442A-47E7-A470-36A158F2F922}"
EndProject
Project("{9A19103F-16F7-4668-BE54-9A1E7A4F7556}") = "RevitScript", "source\RevitScript\RevitScript.csproj", "{2D87EB56-50F3-4A33-ABCF-F78916059267}"
EndProject
Project("{FAE04EC0-301F-11D3-BF4B-00C04F79EFBC}") = "RevitScriptUI", "source\RevitScriptUI\RevitScriptUI.csproj", "{CD536344-C429-409B-A9B3-C92223430443}"
EndProject
Project("{FAE04EC0-301F-11D3-BF4B-00C04F79EFBC}") = "RevitScriptTest", "source\RevitScriptTest\RevitScriptTest.csproj", "{12F0A830-D426-46C2-A7C1-8DB92A9C0527}"
EndProject
Project("{F2A71F9B-5D33-465A-A702-920D77279786}") = "RevitFabulous.Revit", "source\RevitFabulous.Revit\RevitFabulous.Revit.fsproj", "{53D70477-F3F8-4699-8A1B-B7E46653A0C8}"
EndProject
Project("{F2A71F9B-5D33-465A-A702-920D77279786}") = "RevitFabulous.Domain", "source\RevitFabulous.Domain\RevitFabulous.Domain.fsproj", "{187743AC-C390-4BF2-B395-514859B0A2A5}"
EndProject
Project("{F2A71F9B-5D33-465A-A702-920D77279786}") = "RevitFabulous.WPF", "source\RevitFabulous.WPF\RevitFabulous.WPF.fsproj", "{029B20B6-FC78-463D-8D75-0C5538C8FBB7}"
EndProject
Project("{2150E333-8FDC-42A3-9474-1A3956D46DE8}") = "FSharp", "FSharp", "{9FB85C53-5B98-480C-9BB3-29B14C87F439}"
EndProject
Global
	GlobalSection(SolutionConfigurationPlatforms) = preSolution
		Debug R20|Any CPU = Debug R20|Any CPU
		Debug R21|Any CPU = Debug R21|Any CPU
		Debug R22|Any CPU = Debug R22|Any CPU
		Debug R23|Any CPU = Debug R23|Any CPU
		Debug R24|Any CPU = Debug R24|Any CPU
		Debug R25|Any CPU = Debug R25|Any CPU
		Debug|Any CPU = Debug|Any CPU
		Installer|Any CPU = Installer|Any CPU
		Release R20|Any CPU = Release R20|Any CPU
		Release R21|Any CPU = Release R21|Any CPU
		Release R22|Any CPU = Release R22|Any CPU
		Release R23|Any CPU = Release R23|Any CPU
		Release R24|Any CPU = Release R24|Any CPU
		Release R25|Any CPU = Release R25|Any CPU
		Release|Any CPU = Release|Any CPU
	EndGlobalSection
	GlobalSection(ProjectConfigurationPlatforms) = postSolution
		{47A8DC1B-20B6-4F17-8D63-11CADEB7FF06}.Debug R20|Any CPU.ActiveCfg = Debug|Any CPU
		{47A8DC1B-20B6-4F17-8D63-11CADEB7FF06}.Debug R21|Any CPU.ActiveCfg = Debug|Any CPU
		{47A8DC1B-20B6-4F17-8D63-11CADEB7FF06}.Debug R22|Any CPU.ActiveCfg = Debug|Any CPU
		{47A8DC1B-20B6-4F17-8D63-11CADEB7FF06}.Debug R23|Any CPU.ActiveCfg = Debug|Any CPU
		{47A8DC1B-20B6-4F17-8D63-11CADEB7FF06}.Debug R24|Any CPU.ActiveCfg = Debug|Any CPU
		{47A8DC1B-20B6-4F17-8D63-11CADEB7FF06}.Debug R25|Any CPU.ActiveCfg = Debug|Any CPU
		{47A8DC1B-20B6-4F17-8D63-11CADEB7FF06}.Debug|Any CPU.ActiveCfg = Debug|Any CPU
		{47A8DC1B-20B6-4F17-8D63-11CADEB7FF06}.Debug|Any CPU.Build.0 = Debug|Any CPU
		{47A8DC1B-20B6-4F17-8D63-11CADEB7FF06}.Installer|Any CPU.ActiveCfg = Release|Any CPU
		{47A8DC1B-20B6-4F17-8D63-11CADEB7FF06}.Release R20|Any CPU.ActiveCfg = Release|Any CPU
		{47A8DC1B-20B6-4F17-8D63-11CADEB7FF06}.Release R21|Any CPU.ActiveCfg = Release|Any CPU
		{47A8DC1B-20B6-4F17-8D63-11CADEB7FF06}.Release R22|Any CPU.ActiveCfg = Release|Any CPU
		{47A8DC1B-20B6-4F17-8D63-11CADEB7FF06}.Release R23|Any CPU.ActiveCfg = Release|Any CPU
		{47A8DC1B-20B6-4F17-8D63-11CADEB7FF06}.Release R24|Any CPU.ActiveCfg = Release|Any CPU
		{47A8DC1B-20B6-4F17-8D63-11CADEB7FF06}.Release R25|Any CPU.ActiveCfg = Release|Any CPU
		{47A8DC1B-20B6-4F17-8D63-11CADEB7FF06}.Release|Any CPU.ActiveCfg = Release|Any CPU
		{47A8DC1B-20B6-4F17-8D63-11CADEB7FF06}.Release|Any CPU.Build.0 = Release|Any CPU
		{1AB1DDE7-442A-47E7-A470-36A158F2F922}.Debug R20|Any CPU.ActiveCfg = Debug|Any CPU
		{1AB1DDE7-442A-47E7-A470-36A158F2F922}.Debug R21|Any CPU.ActiveCfg = Debug|Any CPU
		{1AB1DDE7-442A-47E7-A470-36A158F2F922}.Debug R22|Any CPU.ActiveCfg = Debug|Any CPU
		{1AB1DDE7-442A-47E7-A470-36A158F2F922}.Debug R23|Any CPU.ActiveCfg = Debug|Any CPU
		{1AB1DDE7-442A-47E7-A470-36A158F2F922}.Debug R24|Any CPU.ActiveCfg = Debug|Any CPU
		{1AB1DDE7-442A-47E7-A470-36A158F2F922}.Debug R25|Any CPU.ActiveCfg = Debug|Any CPU
		{1AB1DDE7-442A-47E7-A470-36A158F2F922}.Debug|Any CPU.ActiveCfg = Debug|Any CPU
		{1AB1DDE7-442A-47E7-A470-36A158F2F922}.Debug|Any CPU.Build.0 = Debug|Any CPU
		{1AB1DDE7-442A-47E7-A470-36A158F2F922}.Installer|Any CPU.ActiveCfg = Release|Any CPU
		{1AB1DDE7-442A-47E7-A470-36A158F2F922}.Installer|Any CPU.Build.0 = Release|Any CPU
		{1AB1DDE7-442A-47E7-A470-36A158F2F922}.Release R20|Any CPU.ActiveCfg = Release|Any CPU
		{1AB1DDE7-442A-47E7-A470-36A158F2F922}.Release R21|Any CPU.ActiveCfg = Release|Any CPU
		{1AB1DDE7-442A-47E7-A470-36A158F2F922}.Release R22|Any CPU.ActiveCfg = Release|Any CPU
		{1AB1DDE7-442A-47E7-A470-36A158F2F922}.Release R23|Any CPU.ActiveCfg = Release|Any CPU
		{1AB1DDE7-442A-47E7-A470-36A158F2F922}.Release R24|Any CPU.ActiveCfg = Release|Any CPU
		{1AB1DDE7-442A-47E7-A470-36A158F2F922}.Release R25|Any CPU.ActiveCfg = Release|Any CPU
		{1AB1DDE7-442A-47E7-A470-36A158F2F922}.Release|Any CPU.ActiveCfg = Release|Any CPU
		{1AB1DDE7-442A-47E7-A470-36A158F2F922}.Release|Any CPU.Build.0 = Release|Any CPU
		{2D87EB56-50F3-4A33-ABCF-F78916059267}.Debug R20|Any CPU.ActiveCfg = Debug R20|Any CPU
		{2D87EB56-50F3-4A33-ABCF-F78916059267}.Debug R20|Any CPU.Build.0 = Debug R20|Any CPU
		{2D87EB56-50F3-4A33-ABCF-F78916059267}.Debug R21|Any CPU.ActiveCfg = Debug R21|Any CPU
		{2D87EB56-50F3-4A33-ABCF-F78916059267}.Debug R21|Any CPU.Build.0 = Debug R21|Any CPU
		{2D87EB56-50F3-4A33-ABCF-F78916059267}.Debug R22|Any CPU.ActiveCfg = Debug R22|Any CPU
		{2D87EB56-50F3-4A33-ABCF-F78916059267}.Debug R22|Any CPU.Build.0 = Debug R22|Any CPU
		{2D87EB56-50F3-4A33-ABCF-F78916059267}.Debug R23|Any CPU.ActiveCfg = Debug R23|Any CPU
		{2D87EB56-50F3-4A33-ABCF-F78916059267}.Debug R23|Any CPU.Build.0 = Debug R23|Any CPU
		{2D87EB56-50F3-4A33-ABCF-F78916059267}.Debug R24|Any CPU.ActiveCfg = Debug R24|Any CPU
		{2D87EB56-50F3-4A33-ABCF-F78916059267}.Debug R24|Any CPU.Build.0 = Debug R24|Any CPU
		{2D87EB56-50F3-4A33-ABCF-F78916059267}.Debug R25|Any CPU.ActiveCfg = Debug R25|Any CPU
		{2D87EB56-50F3-4A33-ABCF-F78916059267}.Debug R25|Any CPU.Build.0 = Debug R25|Any CPU
		{2D87EB56-50F3-4A33-ABCF-F78916059267}.Debug|Any CPU.ActiveCfg = Debug R25|Any CPU
		{2D87EB56-50F3-4A33-ABCF-F78916059267}.Debug|Any CPU.Build.0 = Debug R25|Any CPU
		{2D87EB56-50F3-4A33-ABCF-F78916059267}.Installer|Any CPU.ActiveCfg = Debug R20|Any CPU
		{2D87EB56-50F3-4A33-ABCF-F78916059267}.Installer|Any CPU.Build.0 = Debug R20|Any CPU
		{2D87EB56-50F3-4A33-ABCF-F78916059267}.Release R20|Any CPU.ActiveCfg = Release R20|Any CPU
		{2D87EB56-50F3-4A33-ABCF-F78916059267}.Release R20|Any CPU.Build.0 = Release R20|Any CPU
		{2D87EB56-50F3-4A33-ABCF-F78916059267}.Release R21|Any CPU.ActiveCfg = Release R21|Any CPU
		{2D87EB56-50F3-4A33-ABCF-F78916059267}.Release R21|Any CPU.Build.0 = Release R21|Any CPU
		{2D87EB56-50F3-4A33-ABCF-F78916059267}.Release R22|Any CPU.ActiveCfg = Release R22|Any CPU
		{2D87EB56-50F3-4A33-ABCF-F78916059267}.Release R22|Any CPU.Build.0 = Release R22|Any CPU
		{2D87EB56-50F3-4A33-ABCF-F78916059267}.Release R23|Any CPU.ActiveCfg = Release R23|Any CPU
		{2D87EB56-50F3-4A33-ABCF-F78916059267}.Release R23|Any CPU.Build.0 = Release R23|Any CPU
		{2D87EB56-50F3-4A33-ABCF-F78916059267}.Release R24|Any CPU.ActiveCfg = Release R24|Any CPU
		{2D87EB56-50F3-4A33-ABCF-F78916059267}.Release R24|Any CPU.Build.0 = Release R24|Any CPU
		{2D87EB56-50F3-4A33-ABCF-F78916059267}.Release R25|Any CPU.ActiveCfg = Release R25|Any CPU
		{2D87EB56-50F3-4A33-ABCF-F78916059267}.Release R25|Any CPU.Build.0 = Release R25|Any CPU
		{2D87EB56-50F3-4A33-ABCF-F78916059267}.Release|Any CPU.ActiveCfg = Release R25|Any CPU
		{2D87EB56-50F3-4A33-ABCF-F78916059267}.Release|Any CPU.Build.0 = Release R25|Any CPU
		{CD536344-C429-409B-A9B3-C92223430443}.Debug R20|Any CPU.ActiveCfg = Debug R20|Any CPU
		{CD536344-C429-409B-A9B3-C92223430443}.Debug R20|Any CPU.Build.0 = Debug R20|Any CPU
		{CD536344-C429-409B-A9B3-C92223430443}.Debug R21|Any CPU.ActiveCfg = Debug R21|Any CPU
		{CD536344-C429-409B-A9B3-C92223430443}.Debug R21|Any CPU.Build.0 = Debug R21|Any CPU
		{CD536344-C429-409B-A9B3-C92223430443}.Debug R22|Any CPU.ActiveCfg = Debug R22|Any CPU
		{CD536344-C429-409B-A9B3-C92223430443}.Debug R22|Any CPU.Build.0 = Debug R22|Any CPU
		{CD536344-C429-409B-A9B3-C92223430443}.Debug R23|Any CPU.ActiveCfg = Debug R23|Any CPU
		{CD536344-C429-409B-A9B3-C92223430443}.Debug R23|Any CPU.Build.0 = Debug R23|Any CPU
		{CD536344-C429-409B-A9B3-C92223430443}.Debug R24|Any CPU.ActiveCfg = Debug R24|Any CPU
		{CD536344-C429-409B-A9B3-C92223430443}.Debug R24|Any CPU.Build.0 = Debug R24|Any CPU
		{CD536344-C429-409B-A9B3-C92223430443}.Debug R25|Any CPU.ActiveCfg = Debug R25|Any CPU
		{CD536344-C429-409B-A9B3-C92223430443}.Debug R25|Any CPU.Build.0 = Debug R25|Any CPU
		{CD536344-C429-409B-A9B3-C92223430443}.Debug|Any CPU.ActiveCfg = Debug R20|Any CPU
		{CD536344-C429-409B-A9B3-C92223430443}.Debug|Any CPU.Build.0 = Debug R20|Any CPU
		{CD536344-C429-409B-A9B3-C92223430443}.Installer|Any CPU.ActiveCfg = Debug R20|Any CPU
		{CD536344-C429-409B-A9B3-C92223430443}.Installer|Any CPU.Build.0 = Debug R20|Any CPU
		{CD536344-C429-409B-A9B3-C92223430443}.Release R20|Any CPU.ActiveCfg = Release R20|Any CPU
		{CD536344-C429-409B-A9B3-C92223430443}.Release R20|Any CPU.Build.0 = Release R20|Any CPU
		{CD536344-C429-409B-A9B3-C92223430443}.Release R21|Any CPU.ActiveCfg = Release R21|Any CPU
		{CD536344-C429-409B-A9B3-C92223430443}.Release R21|Any CPU.Build.0 = Release R21|Any CPU
		{CD536344-C429-409B-A9B3-C92223430443}.Release R22|Any CPU.ActiveCfg = Release R22|Any CPU
		{CD536344-C429-409B-A9B3-C92223430443}.Release R22|Any CPU.Build.0 = Release R22|Any CPU
		{CD536344-C429-409B-A9B3-C92223430443}.Release R23|Any CPU.ActiveCfg = Release R23|Any CPU
		{CD536344-C429-409B-A9B3-C92223430443}.Release R23|Any CPU.Build.0 = Release R23|Any CPU
		{CD536344-C429-409B-A9B3-C92223430443}.Release R24|Any CPU.ActiveCfg = Release R24|Any CPU
		{CD536344-C429-409B-A9B3-C92223430443}.Release R24|Any CPU.Build.0 = Release R24|Any CPU
		{CD536344-C429-409B-A9B3-C92223430443}.Release R25|Any CPU.ActiveCfg = Release R25|Any CPU
		{CD536344-C429-409B-A9B3-C92223430443}.Release R25|Any CPU.Build.0 = Release R25|Any CPU
		{CD536344-C429-409B-A9B3-C92223430443}.Release|Any CPU.ActiveCfg = Debug R20|Any CPU
		{CD536344-C429-409B-A9B3-C92223430443}.Release|Any CPU.Build.0 = Debug R20|Any CPU
		{12F0A830-D426-46C2-A7C1-8DB92A9C0527}.Debug R20|Any CPU.ActiveCfg = Debug R20|Any CPU
		{12F0A830-D426-46C2-A7C1-8DB92A9C0527}.Debug R20|Any CPU.Build.0 = Debug R20|Any CPU
		{12F0A830-D426-46C2-A7C1-8DB92A9C0527}.Debug R21|Any CPU.ActiveCfg = Debug R21|Any CPU
		{12F0A830-D426-46C2-A7C1-8DB92A9C0527}.Debug R21|Any CPU.Build.0 = Debug R21|Any CPU
		{12F0A830-D426-46C2-A7C1-8DB92A9C0527}.Debug R22|Any CPU.ActiveCfg = Debug R22|Any CPU
		{12F0A830-D426-46C2-A7C1-8DB92A9C0527}.Debug R22|Any CPU.Build.0 = Debug R22|Any CPU
		{12F0A830-D426-46C2-A7C1-8DB92A9C0527}.Debug R23|Any CPU.ActiveCfg = Debug R23|Any CPU
		{12F0A830-D426-46C2-A7C1-8DB92A9C0527}.Debug R23|Any CPU.Build.0 = Debug R23|Any CPU
		{12F0A830-D426-46C2-A7C1-8DB92A9C0527}.Debug R24|Any CPU.ActiveCfg = Debug R24|Any CPU
		{12F0A830-D426-46C2-A7C1-8DB92A9C0527}.Debug R24|Any CPU.Build.0 = Debug R24|Any CPU
		{12F0A830-D426-46C2-A7C1-8DB92A9C0527}.Debug R25|Any CPU.ActiveCfg = Debug R25|Any CPU
		{12F0A830-D426-46C2-A7C1-8DB92A9C0527}.Debug R25|Any CPU.Build.0 = Debug R25|Any CPU
		{12F0A830-D426-46C2-A7C1-8DB92A9C0527}.Debug|Any CPU.ActiveCfg = Debug R20|Any CPU
		{12F0A830-D426-46C2-A7C1-8DB92A9C0527}.Debug|Any CPU.Build.0 = Debug R20|Any CPU
		{12F0A830-D426-46C2-A7C1-8DB92A9C0527}.Installer|Any CPU.ActiveCfg = Debug R20|Any CPU
		{12F0A830-D426-46C2-A7C1-8DB92A9C0527}.Installer|Any CPU.Build.0 = Debug R20|Any CPU
		{12F0A830-D426-46C2-A7C1-8DB92A9C0527}.Release R20|Any CPU.ActiveCfg = Release R20|Any CPU
		{12F0A830-D426-46C2-A7C1-8DB92A9C0527}.Release R20|Any CPU.Build.0 = Release R20|Any CPU
		{12F0A830-D426-46C2-A7C1-8DB92A9C0527}.Release R21|Any CPU.ActiveCfg = Release R21|Any CPU
		{12F0A830-D426-46C2-A7C1-8DB92A9C0527}.Release R21|Any CPU.Build.0 = Release R21|Any CPU
		{12F0A830-D426-46C2-A7C1-8DB92A9C0527}.Release R22|Any CPU.ActiveCfg = Release R22|Any CPU
		{12F0A830-D426-46C2-A7C1-8DB92A9C0527}.Release R22|Any CPU.Build.0 = Release R22|Any CPU
		{12F0A830-D426-46C2-A7C1-8DB92A9C0527}.Release R23|Any CPU.ActiveCfg = Release R23|Any CPU
		{12F0A830-D426-46C2-A7C1-8DB92A9C0527}.Release R23|Any CPU.Build.0 = Release R23|Any CPU
		{12F0A830-D426-46C2-A7C1-8DB92A9C0527}.Release R24|Any CPU.ActiveCfg = Release R24|Any CPU
		{12F0A830-D426-46C2-A7C1-8DB92A9C0527}.Release R24|Any CPU.Build.0 = Release R24|Any CPU
		{12F0A830-D426-46C2-A7C1-8DB92A9C0527}.Release R25|Any CPU.ActiveCfg = Release R25|Any CPU
		{12F0A830-D426-46C2-A7C1-8DB92A9C0527}.Release R25|Any CPU.Build.0 = Release R25|Any CPU
		{12F0A830-D426-46C2-A7C1-8DB92A9C0527}.Release|Any CPU.ActiveCfg = Debug R20|Any CPU
		{12F0A830-D426-46C2-A7C1-8DB92A9C0527}.Release|Any CPU.Build.0 = Debug R20|Any CPU
		{53D70477-F3F8-4699-8A1B-B7E46653A0C8}.Debug R20|Any CPU.ActiveCfg = Debug|Any CPU
		{53D70477-F3F8-4699-8A1B-B7E46653A0C8}.Debug R20|Any CPU.Build.0 = Debug|Any CPU
		{53D70477-F3F8-4699-8A1B-B7E46653A0C8}.Debug R21|Any CPU.ActiveCfg = Debug|Any CPU
		{53D70477-F3F8-4699-8A1B-B7E46653A0C8}.Debug R21|Any CPU.Build.0 = Debug|Any CPU
		{53D70477-F3F8-4699-8A1B-B7E46653A0C8}.Debug R22|Any CPU.ActiveCfg = Debug|Any CPU
		{53D70477-F3F8-4699-8A1B-B7E46653A0C8}.Debug R22|Any CPU.Build.0 = Debug|Any CPU
		{53D70477-F3F8-4699-8A1B-B7E46653A0C8}.Debug R23|Any CPU.ActiveCfg = Debug|Any CPU
		{53D70477-F3F8-4699-8A1B-B7E46653A0C8}.Debug R23|Any CPU.Build.0 = Debug|Any CPU
		{53D70477-F3F8-4699-8A1B-B7E46653A0C8}.Debug R24|Any CPU.ActiveCfg = Debug|Any CPU
		{53D70477-F3F8-4699-8A1B-B7E46653A0C8}.Debug R24|Any CPU.Build.0 = Debug|Any CPU
		{53D70477-F3F8-4699-8A1B-B7E46653A0C8}.Debug R25|Any CPU.ActiveCfg = Debug|Any CPU
		{53D70477-F3F8-4699-8A1B-B7E46653A0C8}.Debug R25|Any CPU.Build.0 = Debug|Any CPU
		{53D70477-F3F8-4699-8A1B-B7E46653A0C8}.Debug|Any CPU.ActiveCfg = Debug|Any CPU
		{53D70477-F3F8-4699-8A1B-B7E46653A0C8}.Debug|Any CPU.Build.0 = Debug|Any CPU
		{53D70477-F3F8-4699-8A1B-B7E46653A0C8}.Installer|Any CPU.ActiveCfg = Debug|Any CPU
		{53D70477-F3F8-4699-8A1B-B7E46653A0C8}.Installer|Any CPU.Build.0 = Debug|Any CPU
		{53D70477-F3F8-4699-8A1B-B7E46653A0C8}.Release R20|Any CPU.ActiveCfg = Debug|Any CPU
		{53D70477-F3F8-4699-8A1B-B7E46653A0C8}.Release R20|Any CPU.Build.0 = Debug|Any CPU
		{53D70477-F3F8-4699-8A1B-B7E46653A0C8}.Release R21|Any CPU.ActiveCfg = Debug|Any CPU
		{53D70477-F3F8-4699-8A1B-B7E46653A0C8}.Release R21|Any CPU.Build.0 = Debug|Any CPU
		{53D70477-F3F8-4699-8A1B-B7E46653A0C8}.Release R22|Any CPU.ActiveCfg = Debug|Any CPU
		{53D70477-F3F8-4699-8A1B-B7E46653A0C8}.Release R22|Any CPU.Build.0 = Debug|Any CPU
		{53D70477-F3F8-4699-8A1B-B7E46653A0C8}.Release R23|Any CPU.ActiveCfg = Debug|Any CPU
		{53D70477-F3F8-4699-8A1B-B7E46653A0C8}.Release R23|Any CPU.Build.0 = Debug|Any CPU
		{53D70477-F3F8-4699-8A1B-B7E46653A0C8}.Release R24|Any CPU.ActiveCfg = Debug|Any CPU
		{53D70477-F3F8-4699-8A1B-B7E46653A0C8}.Release R24|Any CPU.Build.0 = Debug|Any CPU
		{53D70477-F3F8-4699-8A1B-B7E46653A0C8}.Release R25|Any CPU.ActiveCfg = Debug|Any CPU
		{53D70477-F3F8-4699-8A1B-B7E46653A0C8}.Release R25|Any CPU.Build.0 = Debug|Any CPU
		{53D70477-F3F8-4699-8A1B-B7E46653A0C8}.Release|Any CPU.ActiveCfg = Release|Any CPU
		{53D70477-F3F8-4699-8A1B-B7E46653A0C8}.Release|Any CPU.Build.0 = Release|Any CPU
		{187743AC-C390-4BF2-B395-514859B0A2A5}.Debug R20|Any CPU.ActiveCfg = Debug|Any CPU
		{187743AC-C390-4BF2-B395-514859B0A2A5}.Debug R20|Any CPU.Build.0 = Debug|Any CPU
		{187743AC-C390-4BF2-B395-514859B0A2A5}.Debug R21|Any CPU.ActiveCfg = Debug|Any CPU
		{187743AC-C390-4BF2-B395-514859B0A2A5}.Debug R21|Any CPU.Build.0 = Debug|Any CPU
		{187743AC-C390-4BF2-B395-514859B0A2A5}.Debug R22|Any CPU.ActiveCfg = Debug|Any CPU
		{187743AC-C390-4BF2-B395-514859B0A2A5}.Debug R22|Any CPU.Build.0 = Debug|Any CPU
		{187743AC-C390-4BF2-B395-514859B0A2A5}.Debug R23|Any CPU.ActiveCfg = Debug|Any CPU
		{187743AC-C390-4BF2-B395-514859B0A2A5}.Debug R23|Any CPU.Build.0 = Debug|Any CPU
		{187743AC-C390-4BF2-B395-514859B0A2A5}.Debug R24|Any CPU.ActiveCfg = Debug|Any CPU
		{187743AC-C390-4BF2-B395-514859B0A2A5}.Debug R24|Any CPU.Build.0 = Debug|Any CPU
		{187743AC-C390-4BF2-B395-514859B0A2A5}.Debug R25|Any CPU.ActiveCfg = Debug|Any CPU
		{187743AC-C390-4BF2-B395-514859B0A2A5}.Debug R25|Any CPU.Build.0 = Debug|Any CPU
		{187743AC-C390-4BF2-B395-514859B0A2A5}.Debug|Any CPU.ActiveCfg = Debug|Any CPU
		{187743AC-C390-4BF2-B395-514859B0A2A5}.Debug|Any CPU.Build.0 = Debug|Any CPU
		{187743AC-C390-4BF2-B395-514859B0A2A5}.Installer|Any CPU.ActiveCfg = Debug|Any CPU
		{187743AC-C390-4BF2-B395-514859B0A2A5}.Installer|Any CPU.Build.0 = Debug|Any CPU
		{187743AC-C390-4BF2-B395-514859B0A2A5}.Release R20|Any CPU.ActiveCfg = Debug|Any CPU
		{187743AC-C390-4BF2-B395-514859B0A2A5}.Release R20|Any CPU.Build.0 = Debug|Any CPU
		{187743AC-C390-4BF2-B395-514859B0A2A5}.Release R21|Any CPU.ActiveCfg = Debug|Any CPU
		{187743AC-C390-4BF2-B395-514859B0A2A5}.Release R21|Any CPU.Build.0 = Debug|Any CPU
		{187743AC-C390-4BF2-B395-514859B0A2A5}.Release R22|Any CPU.ActiveCfg = Debug|Any CPU
		{187743AC-C390-4BF2-B395-514859B0A2A5}.Release R22|Any CPU.Build.0 = Debug|Any CPU
		{187743AC-C390-4BF2-B395-514859B0A2A5}.Release R23|Any CPU.ActiveCfg = Debug|Any CPU
		{187743AC-C390-4BF2-B395-514859B0A2A5}.Release R23|Any CPU.Build.0 = Debug|Any CPU
		{187743AC-C390-4BF2-B395-514859B0A2A5}.Release R24|Any CPU.ActiveCfg = Debug|Any CPU
		{187743AC-C390-4BF2-B395-514859B0A2A5}.Release R24|Any CPU.Build.0 = Debug|Any CPU
		{187743AC-C390-4BF2-B395-514859B0A2A5}.Release R25|Any CPU.ActiveCfg = Debug|Any CPU
		{187743AC-C390-4BF2-B395-514859B0A2A5}.Release R25|Any CPU.Build.0 = Debug|Any CPU
		{187743AC-C390-4BF2-B395-514859B0A2A5}.Release|Any CPU.ActiveCfg = Release|Any CPU
		{187743AC-C390-4BF2-B395-514859B0A2A5}.Release|Any CPU.Build.0 = Release|Any CPU
		{029B20B6-FC78-463D-8D75-0C5538C8FBB7}.Debug R20|Any CPU.ActiveCfg = Debug|Any CPU
		{029B20B6-FC78-463D-8D75-0C5538C8FBB7}.Debug R20|Any CPU.Build.0 = Debug|Any CPU
		{029B20B6-FC78-463D-8D75-0C5538C8FBB7}.Debug R21|Any CPU.ActiveCfg = Debug|Any CPU
		{029B20B6-FC78-463D-8D75-0C5538C8FBB7}.Debug R21|Any CPU.Build.0 = Debug|Any CPU
		{029B20B6-FC78-463D-8D75-0C5538C8FBB7}.Debug R22|Any CPU.ActiveCfg = Debug|Any CPU
		{029B20B6-FC78-463D-8D75-0C5538C8FBB7}.Debug R22|Any CPU.Build.0 = Debug|Any CPU
		{029B20B6-FC78-463D-8D75-0C5538C8FBB7}.Debug R23|Any CPU.ActiveCfg = Debug|Any CPU
		{029B20B6-FC78-463D-8D75-0C5538C8FBB7}.Debug R23|Any CPU.Build.0 = Debug|Any CPU
		{029B20B6-FC78-463D-8D75-0C5538C8FBB7}.Debug R24|Any CPU.ActiveCfg = Debug|Any CPU
		{029B20B6-FC78-463D-8D75-0C5538C8FBB7}.Debug R24|Any CPU.Build.0 = Debug|Any CPU
		{029B20B6-FC78-463D-8D75-0C5538C8FBB7}.Debug R25|Any CPU.ActiveCfg = Debug|Any CPU
		{029B20B6-FC78-463D-8D75-0C5538C8FBB7}.Debug R25|Any CPU.Build.0 = Debug|Any CPU
		{029B20B6-FC78-463D-8D75-0C5538C8FBB7}.Debug|Any CPU.ActiveCfg = Debug|Any CPU
		{029B20B6-FC78-463D-8D75-0C5538C8FBB7}.Debug|Any CPU.Build.0 = Debug|Any CPU
		{029B20B6-FC78-463D-8D75-0C5538C8FBB7}.Installer|Any CPU.ActiveCfg = Debug|Any CPU
		{029B20B6-FC78-463D-8D75-0C5538C8FBB7}.Installer|Any CPU.Build.0 = Debug|Any CPU
		{029B20B6-FC78-463D-8D75-0C5538C8FBB7}.Release R20|Any CPU.ActiveCfg = Debug|Any CPU
		{029B20B6-FC78-463D-8D75-0C5538C8FBB7}.Release R20|Any CPU.Build.0 = Debug|Any CPU
		{029B20B6-FC78-463D-8D75-0C5538C8FBB7}.Release R21|Any CPU.ActiveCfg = Debug|Any CPU
		{029B20B6-FC78-463D-8D75-0C5538C8FBB7}.Release R21|Any CPU.Build.0 = Debug|Any CPU
		{029B20B6-FC78-463D-8D75-0C5538C8FBB7}.Release R22|Any CPU.ActiveCfg = Debug|Any CPU
		{029B20B6-FC78-463D-8D75-0C5538C8FBB7}.Release R22|Any CPU.Build.0 = Debug|Any CPU
		{029B20B6-FC78-463D-8D75-0C5538C8FBB7}.Release R23|Any CPU.ActiveCfg = Debug|Any CPU
		{029B20B6-FC78-463D-8D75-0C5538C8FBB7}.Release R23|Any CPU.Build.0 = Debug|Any CPU
		{029B20B6-FC78-463D-8D75-0C5538C8FBB7}.Release R24|Any CPU.ActiveCfg = Debug|Any CPU
		{029B20B6-FC78-463D-8D75-0C5538C8FBB7}.Release R24|Any CPU.Build.0 = Debug|Any CPU
		{029B20B6-FC78-463D-8D75-0C5538C8FBB7}.Release R25|Any CPU.ActiveCfg = Debug|Any CPU
		{029B20B6-FC78-463D-8D75-0C5538C8FBB7}.Release R25|Any CPU.Build.0 = Debug|Any CPU
		{029B20B6-FC78-463D-8D75-0C5538C8FBB7}.Release|Any CPU.ActiveCfg = Release|Any CPU
		{029B20B6-FC78-463D-8D75-0C5538C8FBB7}.Release|Any CPU.Build.0 = Release|Any CPU
	EndGlobalSection
	GlobalSection(SolutionProperties) = preSolution
		HideSolutionNode = FALSE
	EndGlobalSection
	GlobalSection(ExtensibilityGlobals) = postSolution
		SolutionGuid = {A35F9F51-EBD6-4E4D-9914-49036635704A}
	EndGlobalSection
	GlobalSection(NestedProjects) = preSolution
		{187743AC-C390-4BF2-B395-514859B0A2A5} = {9FB85C53-5B98-480C-9BB3-29B14C87F439}
		{53D70477-F3F8-4699-8A1B-B7E46653A0C8} = {9FB85C53-5B98-480C-9BB3-29B14C87F439}
		{029B20B6-FC78-463D-8D75-0C5538C8FBB7} = {9FB85C53-5B98-480C-9BB3-29B14C87F439}
	EndGlobalSection
EndGlobal
