
Microsoft Visual Studio Solution File, Format Version 12.00
# Visual Studio Version 17
VisualStudioVersion = 17.8.34511.84
MinimumVisualStudioVersion = 10.0.40219.1
Project("{2150E333-8FDC-42A3-9474-1A3956D46DE8}") = "Solution Items", "Solution Items", "{038A093C-4322-49B0-91FD-1CB5492214D9}"
	ProjectSection(SolutionItems) = preProject
		.gitignore = .gitignore
		Build\Build.Configuration.cs = Build\Build.Configuration.cs
		Changelog.md = Changelog.md
		Readme.md = Readme.md
	EndProjectSection
EndProject
Project("{9A19103F-16F7-4668-BE54-9A1E7A4F7556}") = "Build", "build\Build.csproj", "{47A8DC1B-20B6-4F17-8D63-11CADEB7FF06}"
EndProject
Project("{9A19103F-16F7-4668-BE54-9A1E7A4F7556}") = "Installer", "install\Installer.csproj", "{1AB1DDE7-442A-47E7-A470-36A158F2F922}"
EndProject
Project("{9A19103F-16F7-4668-BE54-9A1E7A4F7556}") = "RevitScript", "source\RevitScript\RevitScript.csproj", "{2D87EB56-50F3-4A33-ABCF-F78916059267}"
EndProject
Project("{9A19103F-16F7-4668-BE54-9A1E7A4F7556}") = "RevitScriptUI", "source\RevitScriptUI\RevitScriptUI.csproj", "{CD536344-C429-409B-A9B3-C92223430443}"
EndProject
Project("{9A19103F-16F7-4668-BE54-9A1E7A4F7556}") = "RevitPythonShell", "source\RevitPythonShell\RevitPythonShell.csproj", "{DE3CC4F4-6B16-4DFF-BD8E-27686C736E19}"
EndProject
Project("{9A19103F-16F7-4668-BE54-9A1E7A4F7556}") = "PythonConsoleControl", "source\PythonConsoleControl\PythonConsoleControl.csproj", "{40EAD412-1B27-40E8-BF8F-DB8E6C1011D2}"
EndProject
Project("{9A19103F-16F7-4668-BE54-9A1E7A4F7556}") = "RpsRuntime", "source\RpsRuntime\RpsRuntime.csproj", "{B5629BAE-89ED-4A7E-8BF0-3DD8F605784A}"
EndProject
Project("{2150E333-8FDC-42A3-9474-1A3956D46DE8}") = "RevitPythonShell", "RevitPythonShell", "{A7E8EBA1-C0F3-4311-A055-66AEC78DE4AA}"
EndProject
Global
	GlobalSection(SolutionConfigurationPlatforms) = preSolution
		Debug R20|Any CPU = Debug R20|Any CPU
		Debug R21|Any CPU = Debug R21|Any CPU
		Debug R22|Any CPU = Debug R22|Any CPU
		Debug R23|Any CPU = Debug R23|Any CPU
		Debug R24|Any CPU = Debug R24|Any CPU
		Debug R25|Any CPU = Debug R25|Any CPU
		Debug|Any CPU = Debug|Any CPU
		Installer|Any CPU = Installer|Any CPU
		Release R20|Any CPU = Release R20|Any CPU
		Release R21|Any CPU = Release R21|Any CPU
		Release R22|Any CPU = Release R22|Any CPU
		Release R23|Any CPU = Release R23|Any CPU
		Release R24|Any CPU = Release R24|Any CPU
		Release R25|Any CPU = Release R25|Any CPU
		Release|Any CPU = Release|Any CPU
	EndGlobalSection
	GlobalSection(ProjectConfigurationPlatforms) = postSolution
		{47A8DC1B-20B6-4F17-8D63-11CADEB7FF06}.Debug R20|Any CPU.ActiveCfg = Debug|Any CPU
		{47A8DC1B-20B6-4F17-8D63-11CADEB7FF06}.Debug R21|Any CPU.ActiveCfg = Debug|Any CPU
		{47A8DC1B-20B6-4F17-8D63-11CADEB7FF06}.Debug R22|Any CPU.ActiveCfg = Debug|Any CPU
		{47A8DC1B-20B6-4F17-8D63-11CADEB7FF06}.Debug R23|Any CPU.ActiveCfg = Debug|Any CPU
		{47A8DC1B-20B6-4F17-8D63-11CADEB7FF06}.Debug R24|Any CPU.ActiveCfg = Debug|Any CPU
		{47A8DC1B-20B6-4F17-8D63-11CADEB7FF06}.Debug R25|Any CPU.ActiveCfg = Debug|Any CPU
		{47A8DC1B-20B6-4F17-8D63-11CADEB7FF06}.Debug|Any CPU.ActiveCfg = Debug|Any CPU
		{47A8DC1B-20B6-4F17-8D63-11CADEB7FF06}.Debug|Any CPU.Build.0 = Debug|Any CPU
		{47A8DC1B-20B6-4F17-8D63-11CADEB7FF06}.Installer|Any CPU.ActiveCfg = Release|Any CPU
		{47A8DC1B-20B6-4F17-8D63-11CADEB7FF06}.Release R20|Any CPU.ActiveCfg = Release|Any CPU
		{47A8DC1B-20B6-4F17-8D63-11CADEB7FF06}.Release R21|Any CPU.ActiveCfg = Release|Any CPU
		{47A8DC1B-20B6-4F17-8D63-11CADEB7FF06}.Release R22|Any CPU.ActiveCfg = Release|Any CPU
		{47A8DC1B-20B6-4F17-8D63-11CADEB7FF06}.Release R23|Any CPU.ActiveCfg = Release|Any CPU
		{47A8DC1B-20B6-4F17-8D63-11CADEB7FF06}.Release R24|Any CPU.ActiveCfg = Release|Any CPU
		{47A8DC1B-20B6-4F17-8D63-11CADEB7FF06}.Release R25|Any CPU.ActiveCfg = Release|Any CPU
		{47A8DC1B-20B6-4F17-8D63-11CADEB7FF06}.Release|Any CPU.ActiveCfg = Release|Any CPU
		{47A8DC1B-20B6-4F17-8D63-11CADEB7FF06}.Release|Any CPU.Build.0 = Release|Any CPU
		{1AB1DDE7-442A-47E7-A470-36A158F2F922}.Debug R20|Any CPU.ActiveCfg = Debug|Any CPU
		{1AB1DDE7-442A-47E7-A470-36A158F2F922}.Debug R21|Any CPU.ActiveCfg = Debug|Any CPU
		{1AB1DDE7-442A-47E7-A470-36A158F2F922}.Debug R22|Any CPU.ActiveCfg = Debug|Any CPU
		{1AB1DDE7-442A-47E7-A470-36A158F2F922}.Debug R23|Any CPU.ActiveCfg = Debug|Any CPU
		{1AB1DDE7-442A-47E7-A470-36A158F2F922}.Debug R24|Any CPU.ActiveCfg = Debug|Any CPU
		{1AB1DDE7-442A-47E7-A470-36A158F2F922}.Debug R25|Any CPU.ActiveCfg = Debug|Any CPU
		{1AB1DDE7-442A-47E7-A470-36A158F2F922}.Debug|Any CPU.ActiveCfg = Debug|Any CPU
		{1AB1DDE7-442A-47E7-A470-36A158F2F922}.Debug|Any CPU.Build.0 = Debug|Any CPU
		{1AB1DDE7-442A-47E7-A470-36A158F2F922}.Installer|Any CPU.ActiveCfg = Release|Any CPU
		{1AB1DDE7-442A-47E7-A470-36A158F2F922}.Installer|Any CPU.Build.0 = Release|Any CPU
		{1AB1DDE7-442A-47E7-A470-36A158F2F922}.Release R20|Any CPU.ActiveCfg = Release|Any CPU
		{1AB1DDE7-442A-47E7-A470-36A158F2F922}.Release R21|Any CPU.ActiveCfg = Release|Any CPU
		{1AB1DDE7-442A-47E7-A470-36A158F2F922}.Release R22|Any CPU.ActiveCfg = Release|Any CPU
		{1AB1DDE7-442A-47E7-A470-36A158F2F922}.Release R23|Any CPU.ActiveCfg = Release|Any CPU
		{1AB1DDE7-442A-47E7-A470-36A158F2F922}.Release R24|Any CPU.ActiveCfg = Release|Any CPU
		{1AB1DDE7-442A-47E7-A470-36A158F2F922}.Release R25|Any CPU.ActiveCfg = Release|Any CPU
		{1AB1DDE7-442A-47E7-A470-36A158F2F922}.Release|Any CPU.ActiveCfg = Release|Any CPU
		{1AB1DDE7-442A-47E7-A470-36A158F2F922}.Release|Any CPU.Build.0 = Release|Any CPU
		{2D87EB56-50F3-4A33-ABCF-F78916059267}.Debug R20|Any CPU.ActiveCfg = Debug R20|Any CPU
		{2D87EB56-50F3-4A33-ABCF-F78916059267}.Debug R20|Any CPU.Build.0 = Debug R20|Any CPU
		{2D87EB56-50F3-4A33-ABCF-F78916059267}.Debug R21|Any CPU.ActiveCfg = Debug R21|Any CPU
		{2D87EB56-50F3-4A33-ABCF-F78916059267}.Debug R21|Any CPU.Build.0 = Debug R21|Any CPU
		{2D87EB56-50F3-4A33-ABCF-F78916059267}.Debug R22|Any CPU.ActiveCfg = Debug R22|Any CPU
		{2D87EB56-50F3-4A33-ABCF-F78916059267}.Debug R22|Any CPU.Build.0 = Debug R22|Any CPU
		{2D87EB56-50F3-4A33-ABCF-F78916059267}.Debug R23|Any CPU.ActiveCfg = Debug R23|Any CPU
		{2D87EB56-50F3-4A33-ABCF-F78916059267}.Debug R23|Any CPU.Build.0 = Debug R23|Any CPU
		{2D87EB56-50F3-4A33-ABCF-F78916059267}.Debug R24|Any CPU.ActiveCfg = Debug R24|Any CPU
		{2D87EB56-50F3-4A33-ABCF-F78916059267}.Debug R24|Any CPU.Build.0 = Debug R24|Any CPU
		{2D87EB56-50F3-4A33-ABCF-F78916059267}.Debug R25|Any CPU.ActiveCfg = Debug R25|Any CPU
		{2D87EB56-50F3-4A33-ABCF-F78916059267}.Debug R25|Any CPU.Build.0 = Debug R25|Any CPU
		{2D87EB56-50F3-4A33-ABCF-F78916059267}.Debug|Any CPU.ActiveCfg = Debug R25|Any CPU
		{2D87EB56-50F3-4A33-ABCF-F78916059267}.Debug|Any CPU.Build.0 = Debug R25|Any CPU
		{2D87EB56-50F3-4A33-ABCF-F78916059267}.Installer|Any CPU.ActiveCfg = Debug R20|Any CPU
		{2D87EB56-50F3-4A33-ABCF-F78916059267}.Installer|Any CPU.Build.0 = Debug R20|Any CPU
		{2D87EB56-50F3-4A33-ABCF-F78916059267}.Release R20|Any CPU.ActiveCfg = Release R20|Any CPU
		{2D87EB56-50F3-4A33-ABCF-F78916059267}.Release R20|Any CPU.Build.0 = Release R20|Any CPU
		{2D87EB56-50F3-4A33-ABCF-F78916059267}.Release R21|Any CPU.ActiveCfg = Release R21|Any CPU
		{2D87EB56-50F3-4A33-ABCF-F78916059267}.Release R21|Any CPU.Build.0 = Release R21|Any CPU
		{2D87EB56-50F3-4A33-ABCF-F78916059267}.Release R22|Any CPU.ActiveCfg = Release R22|Any CPU
		{2D87EB56-50F3-4A33-ABCF-F78916059267}.Release R22|Any CPU.Build.0 = Release R22|Any CPU
		{2D87EB56-50F3-4A33-ABCF-F78916059267}.Release R23|Any CPU.ActiveCfg = Release R23|Any CPU
		{2D87EB56-50F3-4A33-ABCF-F78916059267}.Release R23|Any CPU.Build.0 = Release R23|Any CPU
		{2D87EB56-50F3-4A33-ABCF-F78916059267}.Release R24|Any CPU.ActiveCfg = Release R24|Any CPU
		{2D87EB56-50F3-4A33-ABCF-F78916059267}.Release R24|Any CPU.Build.0 = Release R24|Any CPU
		{2D87EB56-50F3-4A33-ABCF-F78916059267}.Release R25|Any CPU.ActiveCfg = Release R25|Any CPU
		{2D87EB56-50F3-4A33-ABCF-F78916059267}.Release R25|Any CPU.Build.0 = Release R25|Any CPU
		{2D87EB56-50F3-4A33-ABCF-F78916059267}.Release|Any CPU.ActiveCfg = Release R25|Any CPU
		{2D87EB56-50F3-4A33-ABCF-F78916059267}.Release|Any CPU.Build.0 = Release R25|Any CPU
		{CD536344-C429-409B-A9B3-C92223430443}.Debug R20|Any CPU.ActiveCfg = Debug R20|Any CPU
		{CD536344-C429-409B-A9B3-C92223430443}.Debug R20|Any CPU.Build.0 = Debug R20|Any CPU
		{CD536344-C429-409B-A9B3-C92223430443}.Debug R21|Any CPU.ActiveCfg = Debug R21|Any CPU
		{CD536344-C429-409B-A9B3-C92223430443}.Debug R21|Any CPU.Build.0 = Debug R21|Any CPU
		{CD536344-C429-409B-A9B3-C92223430443}.Debug R22|Any CPU.ActiveCfg = Debug R22|Any CPU
		{CD536344-C429-409B-A9B3-C92223430443}.Debug R22|Any CPU.Build.0 = Debug R22|Any CPU
		{CD536344-C429-409B-A9B3-C92223430443}.Debug R23|Any CPU.ActiveCfg = Debug R23|Any CPU
		{CD536344-C429-409B-A9B3-C92223430443}.Debug R23|Any CPU.Build.0 = Debug R23|Any CPU
		{CD536344-C429-409B-A9B3-C92223430443}.Debug R24|Any CPU.ActiveCfg = Debug R24|Any CPU
		{CD536344-C429-409B-A9B3-C92223430443}.Debug R24|Any CPU.Build.0 = Debug R24|Any CPU
		{CD536344-C429-409B-A9B3-C92223430443}.Debug R25|Any CPU.ActiveCfg = Debug R25|Any CPU
		{CD536344-C429-409B-A9B3-C92223430443}.Debug R25|Any CPU.Build.0 = Debug R25|Any CPU
		{CD536344-C429-409B-A9B3-C92223430443}.Debug|Any CPU.ActiveCfg = Debug R20|Any CPU
		{CD536344-C429-409B-A9B3-C92223430443}.Debug|Any CPU.Build.0 = Debug R20|Any CPU
		{CD536344-C429-409B-A9B3-C92223430443}.Installer|Any CPU.ActiveCfg = Debug R20|Any CPU
		{CD536344-C429-409B-A9B3-C92223430443}.Installer|Any CPU.Build.0 = Debug R20|Any CPU
		{CD536344-C429-409B-A9B3-C92223430443}.Release R20|Any CPU.ActiveCfg = Release R20|Any CPU
		{CD536344-C429-409B-A9B3-C92223430443}.Release R20|Any CPU.Build.0 = Release R20|Any CPU
		{CD536344-C429-409B-A9B3-C92223430443}.Release R21|Any CPU.ActiveCfg = Release R21|Any CPU
		{CD536344-C429-409B-A9B3-C92223430443}.Release R21|Any CPU.Build.0 = Release R21|Any CPU
		{CD536344-C429-409B-A9B3-C92223430443}.Release R22|Any CPU.ActiveCfg = Release R22|Any CPU
		{CD536344-C429-409B-A9B3-C92223430443}.Release R22|Any CPU.Build.0 = Release R22|Any CPU
		{CD536344-C429-409B-A9B3-C92223430443}.Release R23|Any CPU.ActiveCfg = Release R23|Any CPU
		{CD536344-C429-409B-A9B3-C92223430443}.Release R23|Any CPU.Build.0 = Release R23|Any CPU
		{CD536344-C429-409B-A9B3-C92223430443}.Release R24|Any CPU.ActiveCfg = Release R24|Any CPU
		{CD536344-C429-409B-A9B3-C92223430443}.Release R24|Any CPU.Build.0 = Release R24|Any CPU
		{CD536344-C429-409B-A9B3-C92223430443}.Release R25|Any CPU.ActiveCfg = Release R25|Any CPU
		{CD536344-C429-409B-A9B3-C92223430443}.Release R25|Any CPU.Build.0 = Release R25|Any CPU
		{CD536344-C429-409B-A9B3-C92223430443}.Release|Any CPU.ActiveCfg = Debug R20|Any CPU
		{CD536344-C429-409B-A9B3-C92223430443}.Release|Any CPU.Build.0 = Debug R20|Any CPU
		{DE3CC4F4-6B16-4DFF-BD8E-27686C736E19}.Debug R20|Any CPU.ActiveCfg = Debug R22|Any CPU
		{DE3CC4F4-6B16-4DFF-BD8E-27686C736E19}.Debug R20|Any CPU.Build.0 = Debug R22|Any CPU
		{DE3CC4F4-6B16-4DFF-BD8E-27686C736E19}.Debug R21|Any CPU.ActiveCfg = Debug R22|Any CPU
		{DE3CC4F4-6B16-4DFF-BD8E-27686C736E19}.Debug R21|Any CPU.Build.0 = Debug R22|Any CPU
		{DE3CC4F4-6B16-4DFF-BD8E-27686C736E19}.Debug R22|Any CPU.ActiveCfg = Debug R22|Any CPU
		{DE3CC4F4-6B16-4DFF-BD8E-27686C736E19}.Debug R22|Any CPU.Build.0 = Debug R22|Any CPU
		{DE3CC4F4-6B16-4DFF-BD8E-27686C736E19}.Debug R23|Any CPU.ActiveCfg = Debug R23|Any CPU
		{DE3CC4F4-6B16-4DFF-BD8E-27686C736E19}.Debug R23|Any CPU.Build.0 = Debug R23|Any CPU
		{DE3CC4F4-6B16-4DFF-BD8E-27686C736E19}.Debug R24|Any CPU.ActiveCfg = Debug R24|Any CPU
		{DE3CC4F4-6B16-4DFF-BD8E-27686C736E19}.Debug R24|Any CPU.Build.0 = Debug R24|Any CPU
		{DE3CC4F4-6B16-4DFF-BD8E-27686C736E19}.Debug R25|Any CPU.ActiveCfg = Debug R22|Any CPU
		{DE3CC4F4-6B16-4DFF-BD8E-27686C736E19}.Debug R25|Any CPU.Build.0 = Debug R22|Any CPU
		{DE3CC4F4-6B16-4DFF-BD8E-27686C736E19}.Debug|Any CPU.ActiveCfg = Debug R22|Any CPU
		{DE3CC4F4-6B16-4DFF-BD8E-27686C736E19}.Debug|Any CPU.Build.0 = Debug R22|Any CPU
		{DE3CC4F4-6B16-4DFF-BD8E-27686C736E19}.Installer|Any CPU.ActiveCfg = Debug R22|Any CPU
		{DE3CC4F4-6B16-4DFF-BD8E-27686C736E19}.Installer|Any CPU.Build.0 = Debug R22|Any CPU
		{DE3CC4F4-6B16-4DFF-BD8E-27686C736E19}.Release R20|Any CPU.ActiveCfg = Release R20|Any CPU
		{DE3CC4F4-6B16-4DFF-BD8E-27686C736E19}.Release R20|Any CPU.Build.0 = Release R20|Any CPU
		{DE3CC4F4-6B16-4DFF-BD8E-27686C736E19}.Release R21|Any CPU.ActiveCfg = Release R21|Any CPU
		{DE3CC4F4-6B16-4DFF-BD8E-27686C736E19}.Release R21|Any CPU.Build.0 = Release R21|Any CPU
		{DE3CC4F4-6B16-4DFF-BD8E-27686C736E19}.Release R22|Any CPU.ActiveCfg = Release R22|Any CPU
		{DE3CC4F4-6B16-4DFF-BD8E-27686C736E19}.Release R22|Any CPU.Build.0 = Release R22|Any CPU
		{DE3CC4F4-6B16-4DFF-BD8E-27686C736E19}.Release R23|Any CPU.ActiveCfg = Release R23|Any CPU
		{DE3CC4F4-6B16-4DFF-BD8E-27686C736E19}.Release R23|Any CPU.Build.0 = Release R23|Any CPU
		{DE3CC4F4-6B16-4DFF-BD8E-27686C736E19}.Release R24|Any CPU.ActiveCfg = Release R24|Any CPU
		{DE3CC4F4-6B16-4DFF-BD8E-27686C736E19}.Release R24|Any CPU.Build.0 = Release R24|Any CPU
		{DE3CC4F4-6B16-4DFF-BD8E-27686C736E19}.Release R25|Any CPU.ActiveCfg = Debug R22|Any CPU
		{DE3CC4F4-6B16-4DFF-BD8E-27686C736E19}.Release R25|Any CPU.Build.0 = Debug R22|Any CPU
		{DE3CC4F4-6B16-4DFF-BD8E-27686C736E19}.Release|Any CPU.ActiveCfg = Debug R22|Any CPU
		{DE3CC4F4-6B16-4DFF-BD8E-27686C736E19}.Release|Any CPU.Build.0 = Debug R22|Any CPU
		{40EAD412-1B27-40E8-BF8F-DB8E6C1011D2}.Debug R20|Any CPU.ActiveCfg = Debug|Any CPU
		{40EAD412-1B27-40E8-BF8F-DB8E6C1011D2}.Debug R20|Any CPU.Build.0 = Debug|Any CPU
		{40EAD412-1B27-40E8-BF8F-DB8E6C1011D2}.Debug R21|Any CPU.ActiveCfg = Debug|Any CPU
		{40EAD412-1B27-40E8-BF8F-DB8E6C1011D2}.Debug R21|Any CPU.Build.0 = Debug|Any CPU
		{40EAD412-1B27-40E8-BF8F-DB8E6C1011D2}.Debug R22|Any CPU.ActiveCfg = Debug R22|Any CPU
		{40EAD412-1B27-40E8-BF8F-DB8E6C1011D2}.Debug R22|Any CPU.Build.0 = Debug R22|Any CPU
		{40EAD412-1B27-40E8-BF8F-DB8E6C1011D2}.Debug R23|Any CPU.ActiveCfg = Debug|Any CPU
		{40EAD412-1B27-40E8-BF8F-DB8E6C1011D2}.Debug R23|Any CPU.Build.0 = Debug|Any CPU
		{40EAD412-1B27-40E8-BF8F-DB8E6C1011D2}.Debug R24|Any CPU.ActiveCfg = Debug|Any CPU
		{40EAD412-1B27-40E8-BF8F-DB8E6C1011D2}.Debug R24|Any CPU.Build.0 = Debug|Any CPU
		{40EAD412-1B27-40E8-BF8F-DB8E6C1011D2}.Debug R25|Any CPU.ActiveCfg = Debug|Any CPU
		{40EAD412-1B27-40E8-BF8F-DB8E6C1011D2}.Debug R25|Any CPU.Build.0 = Debug|Any CPU
		{40EAD412-1B27-40E8-BF8F-DB8E6C1011D2}.Debug|Any CPU.ActiveCfg = Debug|Any CPU
		{40EAD412-1B27-40E8-BF8F-DB8E6C1011D2}.Debug|Any CPU.Build.0 = Debug|Any CPU
		{40EAD412-1B27-40E8-BF8F-DB8E6C1011D2}.Installer|Any CPU.ActiveCfg = Debug|Any CPU
		{40EAD412-1B27-40E8-BF8F-DB8E6C1011D2}.Installer|Any CPU.Build.0 = Debug|Any CPU
		{40EAD412-1B27-40E8-BF8F-DB8E6C1011D2}.Release R20|Any CPU.ActiveCfg = Debug|Any CPU
		{40EAD412-1B27-40E8-BF8F-DB8E6C1011D2}.Release R20|Any CPU.Build.0 = Debug|Any CPU
		{40EAD412-1B27-40E8-BF8F-DB8E6C1011D2}.Release R21|Any CPU.ActiveCfg = Debug|Any CPU
		{40EAD412-1B27-40E8-BF8F-DB8E6C1011D2}.Release R21|Any CPU.Build.0 = Debug|Any CPU
		{40EAD412-1B27-40E8-BF8F-DB8E6C1011D2}.Release R22|Any CPU.ActiveCfg = Debug|Any CPU
		{40EAD412-1B27-40E8-BF8F-DB8E6C1011D2}.Release R22|Any CPU.Build.0 = Debug|Any CPU
		{40EAD412-1B27-40E8-BF8F-DB8E6C1011D2}.Release R23|Any CPU.ActiveCfg = Debug|Any CPU
		{40EAD412-1B27-40E8-BF8F-DB8E6C1011D2}.Release R23|Any CPU.Build.0 = Debug|Any CPU
		{40EAD412-1B27-40E8-BF8F-DB8E6C1011D2}.Release R24|Any CPU.ActiveCfg = Debug|Any CPU
		{40EAD412-1B27-40E8-BF8F-DB8E6C1011D2}.Release R24|Any CPU.Build.0 = Debug|Any CPU
		{40EAD412-1B27-40E8-BF8F-DB8E6C1011D2}.Release R25|Any CPU.ActiveCfg = Debug|Any CPU
		{40EAD412-1B27-40E8-BF8F-DB8E6C1011D2}.Release R25|Any CPU.Build.0 = Debug|Any CPU
		{40EAD412-1B27-40E8-BF8F-DB8E6C1011D2}.Release|Any CPU.ActiveCfg = Release|Any CPU
		{40EAD412-1B27-40E8-BF8F-DB8E6C1011D2}.Release|Any CPU.Build.0 = Release|Any CPU
		{B5629BAE-89ED-4A7E-8BF0-3DD8F605784A}.Debug R20|Any CPU.ActiveCfg = Debug R22|Any CPU
		{B5629BAE-89ED-4A7E-8BF0-3DD8F605784A}.Debug R20|Any CPU.Build.0 = Debug R22|Any CPU
		{B5629BAE-89ED-4A7E-8BF0-3DD8F605784A}.Debug R21|Any CPU.ActiveCfg = Debug R22|Any CPU
		{B5629BAE-89ED-4A7E-8BF0-3DD8F605784A}.Debug R21|Any CPU.Build.0 = Debug R22|Any CPU
		{B5629BAE-89ED-4A7E-8BF0-3DD8F605784A}.Debug R22|Any CPU.ActiveCfg = Debug R22|Any CPU
		{B5629BAE-89ED-4A7E-8BF0-3DD8F605784A}.Debug R22|Any CPU.Build.0 = Debug R22|Any CPU
		{B5629BAE-89ED-4A7E-8BF0-3DD8F605784A}.Debug R23|Any CPU.ActiveCfg = Debug R23|Any CPU
		{B5629BAE-89ED-4A7E-8BF0-3DD8F605784A}.Debug R23|Any CPU.Build.0 = Debug R23|Any CPU
		{B5629BAE-89ED-4A7E-8BF0-3DD8F605784A}.Debug R24|Any CPU.ActiveCfg = Debug R24|Any CPU
		{B5629BAE-89ED-4A7E-8BF0-3DD8F605784A}.Debug R24|Any CPU.Build.0 = Debug R24|Any CPU
		{B5629BAE-89ED-4A7E-8BF0-3DD8F605784A}.Debug R25|Any CPU.ActiveCfg = Debug R22|Any CPU
		{B5629BAE-89ED-4A7E-8BF0-3DD8F605784A}.Debug R25|Any CPU.Build.0 = Debug R22|Any CPU
		{B5629BAE-89ED-4A7E-8BF0-3DD8F605784A}.Debug|Any CPU.ActiveCfg = Debug R22|Any CPU
		{B5629BAE-89ED-4A7E-8BF0-3DD8F605784A}.Debug|Any CPU.Build.0 = Debug R22|Any CPU
		{B5629BAE-89ED-4A7E-8BF0-3DD8F605784A}.Installer|Any CPU.ActiveCfg = Debug R22|Any CPU
		{B5629BAE-89ED-4A7E-8BF0-3DD8F605784A}.Installer|Any CPU.Build.0 = Debug R22|Any CPU
		{B5629BAE-89ED-4A7E-8BF0-3DD8F605784A}.Release R20|Any CPU.ActiveCfg = Release R20|Any CPU
		{B5629BAE-89ED-4A7E-8BF0-3DD8F605784A}.Release R20|Any CPU.Build.0 = Release R20|Any CPU
		{B5629BAE-89ED-4A7E-8BF0-3DD8F605784A}.Release R21|Any CPU.ActiveCfg = Release R21|Any CPU
		{B5629BAE-89ED-4A7E-8BF0-3DD8F605784A}.Release R21|Any CPU.Build.0 = Release R21|Any CPU
		{B5629BAE-89ED-4A7E-8BF0-3DD8F605784A}.Release R22|Any CPU.ActiveCfg = Release R22|Any CPU
		{B5629BAE-89ED-4A7E-8BF0-3DD8F605784A}.Release R22|Any CPU.Build.0 = Release R22|Any CPU
		{B5629BAE-89ED-4A7E-8BF0-3DD8F605784A}.Release R23|Any CPU.ActiveCfg = Release R23|Any CPU
		{B5629BAE-89ED-4A7E-8BF0-3DD8F605784A}.Release R23|Any CPU.Build.0 = Release R23|Any CPU
		{B5629BAE-89ED-4A7E-8BF0-3DD8F605784A}.Release R24|Any CPU.ActiveCfg = Release R24|Any CPU
		{B5629BAE-89ED-4A7E-8BF0-3DD8F605784A}.Release R24|Any CPU.Build.0 = Release R24|Any CPU
		{B5629BAE-89ED-4A7E-8BF0-3DD8F605784A}.Release R25|Any CPU.ActiveCfg = Debug R22|Any CPU
		{B5629BAE-89ED-4A7E-8BF0-3DD8F605784A}.Release R25|Any CPU.Build.0 = Debug R22|Any CPU
		{B5629BAE-89ED-4A7E-8BF0-3DD8F605784A}.Release|Any CPU.ActiveCfg = Debug R22|Any CPU
		{B5629BAE-89ED-4A7E-8BF0-3DD8F605784A}.Release|Any CPU.Build.0 = Debug R22|Any CPU
	EndGlobalSection
	GlobalSection(SolutionProperties) = preSolution
		HideSolutionNode = FALSE
	EndGlobalSection
	GlobalSection(NestedProjects) = preSolution
		{DE3CC4F4-6B16-4DFF-BD8E-27686C736E19} = {A7E8EBA1-C0F3-4311-A055-66AEC78DE4AA}
		{40EAD412-1B27-40E8-BF8F-DB8E6C1011D2} = {A7E8EBA1-C0F3-4311-A055-66AEC78DE4AA}
		{B5629BAE-89ED-4A7E-8BF0-3DD8F605784A} = {A7E8EBA1-C0F3-4311-A055-66AEC78DE4AA}
	EndGlobalSection
	GlobalSection(ExtensibilityGlobals) = postSolution
		SolutionGuid = {A35F9F51-EBD6-4E4D-9914-49036635704A}
	EndGlobalSection
EndGlobal
