
Microsoft Visual Studio Solution File, Format Version 12.00
Project("{FAE04EC0-301F-11D3-BF4B-00C04F79EFBC}") = "Build", "RevitScript\build\Build.csproj", "{9219DD13-7983-4B29-91B3-2013BC029095}"
EndProject
Project("{FAE04EC0-301F-11D3-BF4B-00C04F79EFBC}") = "Installer", "RevitScript\install\Installer.csproj", "{D1854EA3-DE7D-4160-8064-E62862C460F5}"
EndProject
Project("{FAE04EC0-301F-11D3-BF4B-00C04F79EFBC}") = "pyRevit", "RevitScript\source\pyRevit\pyRevit.csproj", "{3070CE99-EA70-4FF7-93EF-41007CEAAC0A}"
EndProject
Global
	GlobalSection(SolutionConfigurationPlatforms) = preSolution
		Debug|Any CPU = Debug|Any CPU
		Release|Any CPU = Release|Any CPU
		Debug R20|Any CPU = Debug R20|Any CPU
		Debug R21|Any CPU = Debug R21|Any CPU
		Debug R22|Any CPU = Debug R22|Any CPU
		Debug R23|Any CPU = Debug R23|Any CPU
		Debug R24|Any CPU = Debug R24|Any CPU
		Debug R25|Any CPU = Debug R25|Any CPU
		Release R20|Any CPU = Release R20|Any CPU
		Release R21|Any CPU = Release R21|Any CPU
		Release R22|Any CPU = Release R22|Any CPU
		Release R23|Any CPU = Release R23|Any CPU
		Release R24|Any CPU = Release R24|Any CPU
		Release R25|Any CPU = Release R25|Any CPU
	EndGlobalSection
	GlobalSection(ProjectConfigurationPlatforms) = postSolution

        {3070CE99-EA70-4FF7-93EF-41007CEAAC0A}.Debug R21|Any CPU.ActiveCfg = Debug R20|Any CPU
		{3070CE99-EA70-4FF7-93EF-41007CEAAC0A}.Debug R21|Any CPU.Build.0 = Debug R20|Any CPU
		{3070CE99-EA70-4FF7-93EF-41007CEAAC0A}.Debug R21|Any CPU.ActiveCfg = Debug R21|Any CPU
		{3070CE99-EA70-4FF7-93EF-41007CEAAC0A}.Debug R21|Any CPU.Build.0 = Debug R21|Any CPU
		{3070CE99-EA70-4FF7-93EF-41007CEAAC0A}.Debug R22|Any CPU.ActiveCfg = Debug R22|Any CPU
		{3070CE99-EA70-4FF7-93EF-41007CEAAC0A}.Debug R22|Any CPU.Build.0 = Debug R22|Any CPU
		{3070CE99-EA70-4FF7-93EF-41007CEAAC0A}.Debug R23|Any CPU.ActiveCfg = Debug R23|Any CPU
		{3070CE99-EA70-4FF7-93EF-41007CEAAC0A}.Debug R23|Any CPU.Build.0 = Debug R23|Any CPU
		{3070CE99-EA70-4FF7-93EF-41007CEAAC0A}.Debug R24|Any CPU.ActiveCfg = Debug R24|Any CPU
		{3070CE99-EA70-4FF7-93EF-41007CEAAC0A}.Debug R24|Any CPU.Build.0 = Debug R24|Any CPU
		{3070CE99-EA70-4FF7-93EF-41007CEAAC0A}.Debug R25|Any CPU.ActiveCfg = Debug R25|Any CPU
		{3070CE99-EA70-4FF7-93EF-41007CEAAC0A}.Debug R25|Any CPU.Build.0 = Debug R25|Any CPU
		{3070CE99-EA70-4FF7-93EF-41007CEAAC0A}.Release R20|Any CPU.ActiveCfg = Release R20|Any CPU
		{3070CE99-EA70-4FF7-93EF-41007CEAAC0A}.Release R20|Any CPU.Build.0 = Release R20|Any CPU
		{3070CE99-EA70-4FF7-93EF-41007CEAAC0A}.Release R21|Any CPU.ActiveCfg = Release R21|Any CPU
		{3070CE99-EA70-4FF7-93EF-41007CEAAC0A}.Release R21|Any CPU.Build.0 = Release R21|Any CPU
		{3070CE99-EA70-4FF7-93EF-41007CEAAC0A}.Release R22|Any CPU.ActiveCfg = Release R22|Any CPU
		{3070CE99-EA70-4FF7-93EF-41007CEAAC0A}.Release R22|Any CPU.Build.0 = Release R22|Any CPU
		{3070CE99-EA70-4FF7-93EF-41007CEAAC0A}.Release R23|Any CPU.ActiveCfg = Release R23|Any CPU
		{3070CE99-EA70-4FF7-93EF-41007CEAAC0A}.Release R23|Any CPU.Build.0 = Release R23|Any CPU
		{3070CE99-EA70-4FF7-93EF-41007CEAAC0A}.Release R24|Any CPU.ActiveCfg = Release R24|Any CPU
		{3070CE99-EA70-4FF7-93EF-41007CEAAC0A}.Release R24|Any CPU.Build.0 = Release R24|Any CPU
		{3070CE99-EA70-4FF7-93EF-41007CEAAC0A}.Release R25|Any CPU.ActiveCfg = Release R25|Any CPU
		{3070CE99-EA70-4FF7-93EF-41007CEAAC0A}.Release R25|Any CPU.Build.0 = Release R25|Any CPU
		
		
	EndGlobalSection
EndGlobal
